
Microsoft Visual Studio Solution File, Format Version 12.00
# Visual Studio 15
VisualStudioVersion = 15.0.27703.2047
MinimumVisualStudioVersion = 10.0.40219.1
Project("{FAE04EC0-301F-11D3-BF4B-00C04F79EFBC}") = "QuanLyVeXemPhim", "QuanLyVeXemPhim\QuanLyVeXemPhim.csproj", "{0D294FD3-2DAD-4E98-AC3D-A140A2098440}"
EndProject
Global
	GlobalSection(SolutionConfigurationPlatforms) = preSolution
		Debug|Any CPU = Debug|Any CPU
		Release|Any CPU = Release|Any CPU
	EndGlobalSection
	GlobalSection(ProjectConfigurationPlatforms) = postSolution
		{0D294FD3-2DAD-4E98-AC3D-A140A2098440}.Debug|Any CPU.ActiveCfg = Debug|Any CPU
		{0D294FD3-2DAD-4E98-AC3D-A140A2098440}.Debug|Any CPU.Build.0 = Debug|Any CPU
		{0D294FD3-2DAD-4E98-AC3D-A140A2098440}.Release|Any CPU.ActiveCfg = Release|Any CPU
		{0D294FD3-2DAD-4E98-AC3D-A140A2098440}.Release|Any CPU.Build.0 = Release|Any CPU
	EndGlobalSection
	GlobalSection(SolutionProperties) = preSolution
		HideSolutionNode = FALSE
	EndGlobalSection
	GlobalSection(ExtensibilityGlobals) = postSolution
		SolutionGuid = {342BCACD-B917-49E8-8640-1D36AC163112}
	EndGlobalSection
EndGlobal
